
Microsoft Visual Studio Solution File, Format Version 12.00
# Visual Studio Version 16
VisualStudioVersion = 16.0.30114.105
MinimumVisualStudioVersion = 10.0.40219.1
Project("{FAE04EC0-301F-11D3-BF4B-00C04F79EFBC}") = "Flipper", "Flipper\Flipper.csproj", "{48FCABDD-F717-483D-9E47-800BC2132FB3}"
EndProject
Global
	GlobalSection(SolutionConfigurationPlatforms) = preSolution
		Debug|Any CPU = Debug|Any CPU
		Release|Any CPU = Release|Any CPU
	EndGlobalSection
	GlobalSection(ProjectConfigurationPlatforms) = postSolution
		{48FCABDD-F717-483D-9E47-800BC2132FB3}.Debug|Any CPU.ActiveCfg = Debug|Any CPU
		{48FCABDD-F717-483D-9E47-800BC2132FB3}.Debug|Any CPU.Build.0 = Debug|Any CPU
		{48FCABDD-F717-483D-9E47-800BC2132FB3}.Release|Any CPU.ActiveCfg = Release|Any CPU
		{48FCABDD-F717-483D-9E47-800BC2132FB3}.Release|Any CPU.Build.0 = Release|Any CPU
	EndGlobalSection
	GlobalSection(SolutionProperties) = preSolution
		HideSolutionNode = FALSE
	EndGlobalSection
	GlobalSection(ExtensibilityGlobals) = postSolution
		SolutionGuid = {0B66E0D6-B573-405F-8AA2-878235886B83}
	EndGlobalSection
EndGlobal
